
Microsoft Visual Studio Solution File, Format Version 12.00
# Visual Studio Version 17
VisualStudioVersion = 17.11.35327.3
MinimumVisualStudioVersion = 10.0.40219.1
Project("{FAE04EC0-301F-11D3-BF4B-00C04F79EFBC}") = "DotnetEfCoreUnitOfWork", "DotnetEfCoreUnitOfWork\DotnetEfCoreUnitOfWork.csproj", "{0BF009AB-3777-4DCA-826B-FBE259BA23F9}"
EndProject
Global
	GlobalSection(SolutionConfigurationPlatforms) = preSolution
		Debug|Any CPU = Debug|Any CPU
		Release|Any CPU = Release|Any CPU
	EndGlobalSection
	GlobalSection(ProjectConfigurationPlatforms) = postSolution
		{0BF009AB-3777-4DCA-826B-FBE259BA23F9}.Debug|Any CPU.ActiveCfg = Debug|Any CPU
		{0BF009AB-3777-4DCA-826B-FBE259BA23F9}.Debug|Any CPU.Build.0 = Debug|Any CPU
		{0BF009AB-3777-4DCA-826B-FBE259BA23F9}.Release|Any CPU.ActiveCfg = Release|Any CPU
		{0BF009AB-3777-4DCA-826B-FBE259BA23F9}.Release|Any CPU.Build.0 = Release|Any CPU
	EndGlobalSection
	GlobalSection(SolutionProperties) = preSolution
		HideSolutionNode = FALSE
	EndGlobalSection
	GlobalSection(ExtensibilityGlobals) = postSolution
		SolutionGuid = {2C430EB5-80BC-4EE7-8C26-F92072CC36AD}
	EndGlobalSection
EndGlobal
